// !$*UTF8*$!
{
	archiveVersion = 1;
	classes = {
	};
	objectVersion = 60;
	objects = {

/* Begin PBXBuildFile section */
		F50895E92ACDBA3C00BA525C /* NewScrumSheet.swift in Sources */ = {isa = PBXBuildFile; fileRef = F50895E82ACDBA3C00BA525C /* NewScrumSheet.swift */; };
		F50895EC2ACDD64D00BA525C /* History.swift in Sources */ = {isa = PBXBuildFile; fileRef = F50895EB2ACDD64D00BA525C /* History.swift */; };
		F516AFBD2ACF1C3000F7D4B0 /* ScrumStore.swift in Sources */ = {isa = PBXBuildFile; fileRef = F516AFBC2ACF1C3000F7D4B0 /* ScrumStore.swift */; };
		F58EA4B52732B95D00B2B400 /* ScrumdingerApp.swift in Sources */ = {isa = PBXBuildFile; fileRef = F58EA4B42732B95D00B2B400 /* ScrumdingerApp.swift */; };
		F58EA4B72732B95D00B2B400 /* MeetingView.swift in Sources */ = {isa = PBXBuildFile; fileRef = F58EA4B62732B95D00B2B400 /* MeetingView.swift */; };
		F58EA4B92732B95F00B2B400 /* Assets.xcassets in Resources */ = {isa = PBXBuildFile; fileRef = F58EA4B82732B95F00B2B400 /* Assets.xcassets */; };
		F58EA4BC2732B95F00B2B400 /* Preview Assets.xcassets in Resources */ = {isa = PBXBuildFile; fileRef = F58EA4BB2732B95F00B2B400 /* Preview Assets.xcassets */; };
		F58EA4C52733C18100B2B400 /* DailyScrum.swift in Sources */ = {isa = PBXBuildFile; fileRef = F58EA4C42733C18100B2B400 /* DailyScrum.swift */; };
		F58EA4C82733C3BE00B2B400 /* CardView.swift in Sources */ = {isa = PBXBuildFile; fileRef = F58EA4C72733C3BE00B2B400 /* CardView.swift */; };
		F58EA4CA2733FA0900B2B400 /* ScrumsView.swift in Sources */ = {isa = PBXBuildFile; fileRef = F58EA4C92733FA0900B2B400 /* ScrumsView.swift */; };
		F58EA4CC2734170D00B2B400 /* DetailView.swift in Sources */ = {isa = PBXBuildFile; fileRef = F58EA4CB2734170D00B2B400 /* DetailView.swift */; };
		F5E2C0CA2ACD986100CDD576 /* ding.wav in Resources */ = {isa = PBXBuildFile; fileRef = F5E2C0C92ACD986100CDD576 /* ding.wav */; };
		F5E2C0CC2ACD98C000CDD576 /* AVPlayer+Ding.swift in Sources */ = {isa = PBXBuildFile; fileRef = F5E2C0CB2ACD98C000CDD576 /* AVPlayer+Ding.swift */; };
		F5E2C0CE2ACD98F800CDD576 /* ScrumTimer.swift in Sources */ = {isa = PBXBuildFile; fileRef = F5E2C0CD2ACD98F800CDD576 /* ScrumTimer.swift */; };
		F5E2C0D02ACD99D800CDD576 /* ScrumProgressViewStyle.swift in Sources */ = {isa = PBXBuildFile; fileRef = F5E2C0CF2ACD99D800CDD576 /* ScrumProgressViewStyle.swift */; };
		F5E2C0D22ACD9B0F00CDD576 /* MeetingHeaderView.swift in Sources */ = {isa = PBXBuildFile; fileRef = F5E2C0D12ACD9B0F00CDD576 /* MeetingHeaderView.swift */; };
		F5E2C0D42ACD9B1E00CDD576 /* MeetingFooterView.swift in Sources */ = {isa = PBXBuildFile; fileRef = F5E2C0D32ACD9B1E00CDD576 /* MeetingFooterView.swift */; };
		F5E50F682735B46C00017A1B /* DetailEditView.swift in Sources */ = {isa = PBXBuildFile; fileRef = F5E50F672735B46C00017A1B /* DetailEditView.swift */; };
		F5FFB3592AC84F3B00D64D04 /* Theme.swift in Sources */ = {isa = PBXBuildFile; fileRef = F5FFB3582AC84F3B00D64D04 /* Theme.swift */; };
		F5FFB35B2AC85F1300D64D04 /* TrailingIconLabelStyle.swift in Sources */ = {isa = PBXBuildFile; fileRef = F5FFB35A2AC85F1300D64D04 /* TrailingIconLabelStyle.swift */; };
		F5FFB35D2ACAC27700D64D04 /* ThemeView.swift in Sources */ = {isa = PBXBuildFile; fileRef = F5FFB35C2ACAC27700D64D04 /* ThemeView.swift */; };
		F5FFB35F2ACAC55E00D64D04 /* ThemePicker.swift in Sources */ = {isa = PBXBuildFile; fileRef = F5FFB35E2ACAC55E00D64D04 /* ThemePicker.swift */; };
/* End PBXBuildFile section */

/* Begin PBXFileReference section */
		F50895E82ACDBA3C00BA525C /* NewScrumSheet.swift */ = {isa = PBXFileReference; lastKnownFileType = sourcecode.swift; path = NewScrumSheet.swift; sourceTree = "<group>"; };
		F50895EB2ACDD64D00BA525C /* History.swift */ = {isa = PBXFileReference; lastKnownFileType = sourcecode.swift; path = History.swift; sourceTree = "<group>"; };
		F516AFBC2ACF1C3000F7D4B0 /* ScrumStore.swift */ = {isa = PBXFileReference; lastKnownFileType = sourcecode.swift; path = ScrumStore.swift; sourceTree = "<group>"; };
		F58EA4B12732B95D00B2B400 /* Scrumdinger.app */ = {isa = PBXFileReference; explicitFileType = wrapper.application; includeInIndex = 0; path = Scrumdinger.app; sourceTree = BUILT_PRODUCTS_DIR; };
		F58EA4B42732B95D00B2B400 /* ScrumdingerApp.swift */ = {isa = PBXFileReference; lastKnownFileType = sourcecode.swift; path = ScrumdingerApp.swift; sourceTree = "<group>"; };
		F58EA4B62732B95D00B2B400 /* MeetingView.swift */ = {isa = PBXFileReference; lastKnownFileType = sourcecode.swift; path = MeetingView.swift; sourceTree = "<group>"; };
		F58EA4B82732B95F00B2B400 /* Assets.xcassets */ = {isa = PBXFileReference; lastKnownFileType = folder.assetcatalog; path = Assets.xcassets; sourceTree = "<group>"; };
		F58EA4BB2732B95F00B2B400 /* Preview Assets.xcassets */ = {isa = PBXFileReference; lastKnownFileType = folder.assetcatalog; path = "Preview Assets.xcassets"; sourceTree = "<group>"; };
		F58EA4C42733C18100B2B400 /* DailyScrum.swift */ = {isa = PBXFileReference; lastKnownFileType = sourcecode.swift; path = DailyScrum.swift; sourceTree = "<group>"; };
		F58EA4C72733C3BE00B2B400 /* CardView.swift */ = {isa = PBXFileReference; lastKnownFileType = sourcecode.swift; path = CardView.swift; sourceTree = "<group>"; };
		F58EA4C92733FA0900B2B400 /* ScrumsView.swift */ = {isa = PBXFileReference; lastKnownFileType = sourcecode.swift; path = ScrumsView.swift; sourceTree = "<group>"; };
		F58EA4CB2734170D00B2B400 /* DetailView.swift */ = {isa = PBXFileReference; lastKnownFileType = sourcecode.swift; path = DetailView.swift; sourceTree = "<group>"; };
		F5E2C0C92ACD986100CDD576 /* ding.wav */ = {isa = PBXFileReference; lastKnownFileType = audio.wav; path = ding.wav; sourceTree = "<group>"; };
		F5E2C0CB2ACD98C000CDD576 /* AVPlayer+Ding.swift */ = {isa = PBXFileReference; lastKnownFileType = sourcecode.swift; path = "AVPlayer+Ding.swift"; sourceTree = "<group>"; };
		F5E2C0CD2ACD98F800CDD576 /* ScrumTimer.swift */ = {isa = PBXFileReference; lastKnownFileType = sourcecode.swift; path = ScrumTimer.swift; sourceTree = "<group>"; };
		F5E2C0CF2ACD99D800CDD576 /* ScrumProgressViewStyle.swift */ = {isa = PBXFileReference; lastKnownFileType = sourcecode.swift; path = ScrumProgressViewStyle.swift; sourceTree = "<group>"; };
		F5E2C0D12ACD9B0F00CDD576 /* MeetingHeaderView.swift */ = {isa = PBXFileReference; lastKnownFileType = sourcecode.swift; path = MeetingHeaderView.swift; sourceTree = "<group>"; };
		F5E2C0D32ACD9B1E00CDD576 /* MeetingFooterView.swift */ = {isa = PBXFileReference; lastKnownFileType = sourcecode.swift; path = MeetingFooterView.swift; sourceTree = "<group>"; };
		F5E50F672735B46C00017A1B /* DetailEditView.swift */ = {isa = PBXFileReference; lastKnownFileType = sourcecode.swift; path = DetailEditView.swift; sourceTree = "<group>"; };
		F5FFB3582AC84F3B00D64D04 /* Theme.swift */ = {isa = PBXFileReference; lastKnownFileType = sourcecode.swift; path = Theme.swift; sourceTree = "<group>"; };
		F5FFB35A2AC85F1300D64D04 /* TrailingIconLabelStyle.swift */ = {isa = PBXFileReference; lastKnownFileType = sourcecode.swift; path = TrailingIconLabelStyle.swift; sourceTree = "<group>"; };
		F5FFB35C2ACAC27700D64D04 /* ThemeView.swift */ = {isa = PBXFileReference; lastKnownFileType = sourcecode.swift; path = ThemeView.swift; sourceTree = "<group>"; };
		F5FFB35E2ACAC55E00D64D04 /* ThemePicker.swift */ = {isa = PBXFileReference; lastKnownFileType = sourcecode.swift; path = ThemePicker.swift; sourceTree = "<group>"; };
/* End PBXFileReference section */

/* Begin PBXFrameworksBuildPhase section */
		F58EA4AE2732B95D00B2B400 /* Frameworks */ = {
			isa = PBXFrameworksBuildPhase;
			buildActionMask = 2147483647;
			files = (
			);
			runOnlyForDeploymentPostprocessing = 0;
		};
/* End PBXFrameworksBuildPhase section */

/* Begin PBXGroup section */
		F50895EA2ACDBB1700BA525C /* Helpers */ = {
			isa = PBXGroup;
			children = (
				F5FFB35E2ACAC55E00D64D04 /* ThemePicker.swift */,
				F5FFB35A2AC85F1300D64D04 /* TrailingIconLabelStyle.swift */,
				F5E2C0D12ACD9B0F00CDD576 /* MeetingHeaderView.swift */,
				F5FFB35C2ACAC27700D64D04 /* ThemeView.swift */,
				F5E2C0D32ACD9B1E00CDD576 /* MeetingFooterView.swift */,
				F5E2C0CF2ACD99D800CDD576 /* ScrumProgressViewStyle.swift */,
				F58EA4C72733C3BE00B2B400 /* CardView.swift */,
			);
			path = Helpers;
			sourceTree = "<group>";
		};
		F58EA4A82732B95D00B2B400 = {
			isa = PBXGroup;
			children = (
				F58EA4B32732B95D00B2B400 /* Scrumdinger */,
				F58EA4B22732B95D00B2B400 /* Products */,
			);
			sourceTree = "<group>";
		};
		F58EA4B22732B95D00B2B400 /* Products */ = {
			isa = PBXGroup;
			children = (
				F58EA4B12732B95D00B2B400 /* Scrumdinger.app */,
			);
			name = Products;
			sourceTree = "<group>";
		};
		F58EA4B32732B95D00B2B400 /* Scrumdinger */ = {
			isa = PBXGroup;
			children = (
				F58EA4C62733C19200B2B400 /* Models */,
				F58EA4C92733FA0900B2B400 /* ScrumsView.swift */,
				F58EA4CB2734170D00B2B400 /* DetailView.swift */,
				F5E50F672735B46C00017A1B /* DetailEditView.swift */,
				F50895E82ACDBA3C00BA525C /* NewScrumSheet.swift */,
				F58EA4B62732B95D00B2B400 /* MeetingView.swift */,
				F58EA4B42732B95D00B2B400 /* ScrumdingerApp.swift */,
				F50895EA2ACDBB1700BA525C /* Helpers */,
				F5E2C0C82ACD984D00CDD576 /* Resources */,
				F58EA4B82732B95F00B2B400 /* Assets.xcassets */,
				F58EA4BA2732B95F00B2B400 /* Preview Content */,
			);
			path = Scrumdinger;
			sourceTree = "<group>";
		};
		F58EA4BA2732B95F00B2B400 /* Preview Content */ = {
			isa = PBXGroup;
			children = (
				F58EA4BB2732B95F00B2B400 /* Preview Assets.xcassets */,
			);
			path = "Preview Content";
			sourceTree = "<group>";
		};
		F58EA4C62733C19200B2B400 /* Models */ = {
			isa = PBXGroup;
			children = (
				F58EA4C42733C18100B2B400 /* DailyScrum.swift */,
				F516AFBC2ACF1C3000F7D4B0 /* ScrumStore.swift */,
				F5E2C0CB2ACD98C000CDD576 /* AVPlayer+Ding.swift */,
				F50895EB2ACDD64D00BA525C /* History.swift */,
				F5FFB3582AC84F3B00D64D04 /* Theme.swift */,
				F5E2C0CD2ACD98F800CDD576 /* ScrumTimer.swift */,
			);
			path = Models;
			sourceTree = "<group>";
		};
		F5E2C0C82ACD984D00CDD576 /* Resources */ = {
			isa = PBXGroup;
			children = (
				F5E2C0C92ACD986100CDD576 /* ding.wav */,
			);
			path = Resources;
			sourceTree = "<group>";
		};
/* End PBXGroup section */

/* Begin PBXNativeTarget section */
		F58EA4B02732B95D00B2B400 /* Scrumdinger */ = {
			isa = PBXNativeTarget;
			buildConfigurationList = F58EA4BF2732B95F00B2B400 /* Build configuration list for PBXNativeTarget "Scrumdinger" */;
			buildPhases = (
				F58EA4AD2732B95D00B2B400 /* Sources */,
				F58EA4AE2732B95D00B2B400 /* Frameworks */,
				F58EA4AF2732B95D00B2B400 /* Resources */,
			);
			buildRules = (
			);
			dependencies = (
			);
			name = Scrumdinger;
			productName = Scrumdinger;
			productReference = F58EA4B12732B95D00B2B400 /* Scrumdinger.app */;
			productType = "com.apple.product-type.application";
		};
/* End PBXNativeTarget section */

/* Begin PBXProject section */
		F58EA4A92732B95D00B2B400 /* Project object */ = {
			isa = PBXProject;
			attributes = {
				BuildIndependentTargetsInParallel = 1;
				LastSwiftUpdateCheck = 1300;
				LastUpgradeCheck = 1500;
				TargetAttributes = {
					F58EA4B02732B95D00B2B400 = {
						CreatedOnToolsVersion = 13.0;
					};
				};
			};
			buildConfigurationList = F58EA4AC2732B95D00B2B400 /* Build configuration list for PBXProject "Scrumdinger" */;
			compatibilityVersion = "Xcode 15.0";
			developmentRegion = en;
			hasScannedForEncodings = 0;
			knownRegions = (
				en,
				Base,
			);
			mainGroup = F58EA4A82732B95D00B2B400;
			productRefGroup = F58EA4B22732B95D00B2B400 /* Products */;
			projectDirPath = "";
			projectRoot = "";
			targets = (
				F58EA4B02732B95D00B2B400 /* Scrumdinger */,
			);
		};
/* End PBXProject section */

/* Begin PBXResourcesBuildPhase section */
		F58EA4AF2732B95D00B2B400 /* Resources */ = {
			isa = PBXResourcesBuildPhase;
			buildActionMask = 2147483647;
			files = (
				F5E2C0CA2ACD986100CDD576 /* ding.wav in Resources */,
				F58EA4BC2732B95F00B2B400 /* Preview Assets.xcassets in Resources */,
				F58EA4B92732B95F00B2B400 /* Assets.xcassets in Resources */,
			);
			runOnlyForDeploymentPostprocessing = 0;
		};
/* End PBXResourcesBuildPhase section */

/* Begin PBXSourcesBuildPhase section */
		F58EA4AD2732B95D00B2B400 /* Sources */ = {
			isa = PBXSourcesBuildPhase;
			buildActionMask = 2147483647;
			files = (
				F50895EC2ACDD64D00BA525C /* History.swift in Sources */,
				F5FFB35F2ACAC55E00D64D04 /* ThemePicker.swift in Sources */,
				F58EA4B72732B95D00B2B400 /* MeetingView.swift in Sources */,
				F5E2C0D02ACD99D800CDD576 /* ScrumProgressViewStyle.swift in Sources */,
				F5FFB3592AC84F3B00D64D04 /* Theme.swift in Sources */,
				F58EA4CC2734170D00B2B400 /* DetailView.swift in Sources */,
				F516AFBD2ACF1C3000F7D4B0 /* ScrumStore.swift in Sources */,
				F5E2C0D42ACD9B1E00CDD576 /* MeetingFooterView.swift in Sources */,
				F58EA4C52733C18100B2B400 /* DailyScrum.swift in Sources */,
				F5FFB35B2AC85F1300D64D04 /* TrailingIconLabelStyle.swift in Sources */,
				F50895E92ACDBA3C00BA525C /* NewScrumSheet.swift in Sources */,
				F58EA4C82733C3BE00B2B400 /* CardView.swift in Sources */,
				F5E2C0CC2ACD98C000CDD576 /* AVPlayer+Ding.swift in Sources */,
				F5E2C0D22ACD9B0F00CDD576 /* MeetingHeaderView.swift in Sources */,
				F5E50F682735B46C00017A1B /* DetailEditView.swift in Sources */,
				F58EA4CA2733FA0900B2B400 /* ScrumsView.swift in Sources */,
				F5FFB35D2ACAC27700D64D04 /* ThemeView.swift in Sources */,
				F58EA4B52732B95D00B2B400 /* ScrumdingerApp.swift in Sources */,
				F5E2C0CE2ACD98F800CDD576 /* ScrumTimer.swift in Sources */,
			);
			runOnlyForDeploymentPostprocessing = 0;
		};
/* End PBXSourcesBuildPhase section */

/* Begin XCBuildConfiguration section */
		F58EA4BD2732B95F00B2B400 /* Debug */ = {
			isa = XCBuildConfiguration;
			buildSettings = {
				ALWAYS_SEARCH_USER_PATHS = NO;
				ASSETCATALOG_COMPILER_GENERATE_SWIFT_ASSET_SYMBOL_EXTENSIONS = YES;
				CLANG_ANALYZER_NONNULL = YES;
				CLANG_ANALYZER_NUMBER_OBJECT_CONVERSION = YES_AGGRESSIVE;
				CLANG_CXX_LANGUAGE_STANDARD = "gnu++17";
				CLANG_CXX_LIBRARY = "libc++";
				CLANG_ENABLE_MODULES = YES;
				CLANG_ENABLE_OBJC_ARC = YES;
				CLANG_ENABLE_OBJC_WEAK = YES;
				CLANG_WARN_BLOCK_CAPTURE_AUTORELEASING = YES;
				CLANG_WARN_BOOL_CONVERSION = YES;
				CLANG_WARN_COMMA = YES;
				CLANG_WARN_CONSTANT_CONVERSION = YES;
				CLANG_WARN_DEPRECATED_OBJC_IMPLEMENTATIONS = YES;
				CLANG_WARN_DIRECT_OBJC_ISA_USAGE = YES_ERROR;
				CLANG_WARN_DOCUMENTATION_COMMENTS = YES;
				CLANG_WARN_EMPTY_BODY = YES;
				CLANG_WARN_ENUM_CONVERSION = YES;
				CLANG_WARN_INFINITE_RECURSION = YES;
				CLANG_WARN_INT_CONVERSION = YES;
				CLANG_WARN_NON_LITERAL_NULL_CONVERSION = YES;
				CLANG_WARN_OBJC_IMPLICIT_RETAIN_SELF = YES;
				CLANG_WARN_OBJC_LITERAL_CONVERSION = YES;
				CLANG_WARN_OBJC_ROOT_CLASS = YES_ERROR;
				CLANG_WARN_QUOTED_INCLUDE_IN_FRAMEWORK_HEADER = YES;
				CLANG_WARN_RANGE_LOOP_ANALYSIS = YES;
				CLANG_WARN_STRICT_PROTOTYPES = YES;
				CLANG_WARN_SUSPICIOUS_MOVE = YES;
				CLANG_WARN_UNGUARDED_AVAILABILITY = YES_AGGRESSIVE;
				CLANG_WARN_UNREACHABLE_CODE = YES;
				CLANG_WARN__DUPLICATE_METHOD_MATCH = YES;
				COPY_PHASE_STRIP = NO;
				DEBUG_INFORMATION_FORMAT = dwarf;
				ENABLE_STRICT_OBJC_MSGSEND = YES;
				ENABLE_TESTABILITY = YES;
				ENABLE_USER_SCRIPT_SANDBOXING = YES;
				GCC_C_LANGUAGE_STANDARD = gnu11;
				GCC_DYNAMIC_NO_PIC = NO;
				GCC_NO_COMMON_BLOCKS = YES;
				GCC_OPTIMIZATION_LEVEL = 0;
				GCC_PREPROCESSOR_DEFINITIONS = (
					"DEBUG=1",
					"$(inherited)",
				);
				GCC_WARN_64_TO_32_BIT_CONVERSION = YES;
				GCC_WARN_ABOUT_RETURN_TYPE = YES_ERROR;
				GCC_WARN_UNDECLARED_SELECTOR = YES;
				GCC_WARN_UNINITIALIZED_AUTOS = YES_AGGRESSIVE;
				GCC_WARN_UNUSED_FUNCTION = YES;
				GCC_WARN_UNUSED_VARIABLE = YES;
				IPHONEOS_DEPLOYMENT_TARGET = 15.0;
				MTL_ENABLE_DEBUG_INFO = INCLUDE_SOURCE;
				MTL_FAST_MATH = YES;
				ONLY_ACTIVE_ARCH = YES;
				SDKROOT = iphoneos;
				SWIFT_ACTIVE_COMPILATION_CONDITIONS = DEBUG;
				SWIFT_OPTIMIZATION_LEVEL = "-Onone";
			};
			name = Debug;
		};
		F58EA4BE2732B95F00B2B400 /* Release */ = {
			isa = XCBuildConfiguration;
			buildSettings = {
				ALWAYS_SEARCH_USER_PATHS = NO;
				ASSETCATALOG_COMPILER_GENERATE_SWIFT_ASSET_SYMBOL_EXTENSIONS = YES;
				CLANG_ANALYZER_NONNULL = YES;
				CLANG_ANALYZER_NUMBER_OBJECT_CONVERSION = YES_AGGRESSIVE;
				CLANG_CXX_LANGUAGE_STANDARD = "gnu++17";
				CLANG_CXX_LIBRARY = "libc++";
				CLANG_ENABLE_MODULES = YES;
				CLANG_ENABLE_OBJC_ARC = YES;
				CLANG_ENABLE_OBJC_WEAK = YES;
				CLANG_WARN_BLOCK_CAPTURE_AUTORELEASING = YES;
				CLANG_WARN_BOOL_CONVERSION = YES;
				CLANG_WARN_COMMA = YES;
				CLANG_WARN_CONSTANT_CONVERSION = YES;
				CLANG_WARN_DEPRECATED_OBJC_IMPLEMENTATIONS = YES;
				CLANG_WARN_DIRECT_OBJC_ISA_USAGE = YES_ERROR;
				CLANG_WARN_DOCUMENTATION_COMMENTS = YES;
				CLANG_WARN_EMPTY_BODY = YES;
				CLANG_WARN_ENUM_CONVERSION = YES;
				CLANG_WARN_INFINITE_RECURSION = YES;
				CLANG_WARN_INT_CONVERSION = YES;
				CLANG_WARN_NON_LITERAL_NULL_CONVERSION = YES;
				CLANG_WARN_OBJC_IMPLICIT_RETAIN_SELF = YES;
				CLANG_WARN_OBJC_LITERAL_CONVERSION = YES;
				CLANG_WARN_OBJC_ROOT_CLASS = YES_ERROR;
				CLANG_WARN_QUOTED_INCLUDE_IN_FRAMEWORK_HEADER = YES;
				CLANG_WARN_RANGE_LOOP_ANALYSIS = YES;
				CLANG_WARN_STRICT_PROTOTYPES = YES;
				CLANG_WARN_SUSPICIOUS_MOVE = YES;
				CLANG_WARN_UNGUARDED_AVAILABILITY = YES_AGGRESSIVE;
				CLANG_WARN_UNREACHABLE_CODE = YES;
				CLANG_WARN__DUPLICATE_METHOD_MATCH = YES;
				COPY_PHASE_STRIP = NO;
				DEBUG_INFORMATION_FORMAT = "dwarf-with-dsym";
				ENABLE_NS_ASSERTIONS = NO;
				ENABLE_STRICT_OBJC_MSGSEND = YES;
				ENABLE_USER_SCRIPT_SANDBOXING = YES;
				GCC_C_LANGUAGE_STANDARD = gnu11;
				GCC_NO_COMMON_BLOCKS = YES;
				GCC_WARN_64_TO_32_BIT_CONVERSION = YES;
				GCC_WARN_ABOUT_RETURN_TYPE = YES_ERROR;
				GCC_WARN_UNDECLARED_SELECTOR = YES;
				GCC_WARN_UNINITIALIZED_AUTOS = YES_AGGRESSIVE;
				GCC_WARN_UNUSED_FUNCTION = YES;
				GCC_WARN_UNUSED_VARIABLE = YES;
				IPHONEOS_DEPLOYMENT_TARGET = 15.0;
				MTL_ENABLE_DEBUG_INFO = NO;
				MTL_FAST_MATH = YES;
				SDKROOT = iphoneos;
				SWIFT_COMPILATION_MODE = wholemodule;
				SWIFT_OPTIMIZATION_LEVEL = "-O";
				VALIDATE_PRODUCT = YES;
			};
			name = Release;
		};
		F58EA4C02732B95F00B2B400 /* Debug */ = {
			isa = XCBuildConfiguration;
			buildSettings = {
				ASSETCATALOG_COMPILER_APPICON_NAME = AppIcon;
				ASSETCATALOG_COMPILER_GLOBAL_ACCENT_COLOR_NAME = AccentColor;
				CODE_SIGN_STYLE = Automatic;
				CURRENT_PROJECT_VERSION = 1;
				DEVELOPMENT_ASSET_PATHS = "\"Scrumdinger/Preview Content\"";
				DEVELOPMENT_TEAM = 9B8CU8XHSY;
				ENABLE_PREVIEWS = YES;
				GENERATE_INFOPLIST_FILE = YES;
				INFOPLIST_KEY_LSApplicationCategoryType = "public.app-category.productivity";
				INFOPLIST_KEY_UIApplicationSceneManifest_Generation = YES;
				INFOPLIST_KEY_UIApplicationSupportsIndirectInputEvents = YES;
				INFOPLIST_KEY_UILaunchScreen_Generation = YES;
				INFOPLIST_KEY_UISupportedInterfaceOrientations = "UIInterfaceOrientationLandscapeLeft UIInterfaceOrientationLandscapeRight UIInterfaceOrientationPortrait";
				INFOPLIST_KEY_UISupportedInterfaceOrientations_iPad = "UIInterfaceOrientationLandscapeLeft UIInterfaceOrientationLandscapeRight UIInterfaceOrientationPortrait UIInterfaceOrientationPortraitUpsideDown";
				IPHONEOS_DEPLOYMENT_TARGET = 17.0;
				LD_RUNPATH_SEARCH_PATHS = (
					"$(inherited)",
					"@executable_path/Frameworks",
				);
				MARKETING_VERSION = 1.0;
				PRODUCT_BUNDLE_IDENTIFIER = com.zeemoni.Scrumdinger;
				PRODUCT_NAME = "$(TARGET_NAME)";
				SWIFT_EMIT_LOC_STRINGS = YES;
				SWIFT_VERSION = 5.0;
				TARGETED_DEVICE_FAMILY = "1,2";
			};
			name = Debug;
		};
		F58EA4C12732B95F00B2B400 /* Release */ = {
			isa = XCBuildConfiguration;
			buildSettings = {
				ASSETCATALOG_COMPILER_APPICON_NAME = AppIcon;
				ASSETCATALOG_COMPILER_GLOBAL_ACCENT_COLOR_NAME = AccentColor;
				CODE_SIGN_STYLE = Automatic;
				CURRENT_PROJECT_VERSION = 1;
				DEVELOPMENT_ASSET_PATHS = "\"Scrumdinger/Preview Content\"";
				DEVELOPMENT_TEAM = 9B8CU8XHSY;
				ENABLE_PREVIEWS = YES;
				GENERATE_INFOPLIST_FILE = YES;
				INFOPLIST_KEY_LSApplicationCategoryType = "public.app-category.productivity";
				INFOPLIST_KEY_UIApplicationSceneManifest_Generation = YES;
				INFOPLIST_KEY_UIApplicationSupportsIndirectInputEvents = YES;
				INFOPLIST_KEY_UILaunchScreen_Generation = YES;
				INFOPLIST_KEY_UISupportedInterfaceOrientations = "UIInterfaceOrientationLandscapeLeft UIInterfaceOrientationLandscapeRight UIInterfaceOrientationPortrait";
				INFOPLIST_KEY_UISupportedInterfaceOrientations_iPad = "UIInterfaceOrientationLandscapeLeft UIInterfaceOrientationLandscapeRight UIInterfaceOrientationPortrait UIInterfaceOrientationPortraitUpsideDown";
				IPHONEOS_DEPLOYMENT_TARGET = 17.0;
				LD_RUNPATH_SEARCH_PATHS = (
					"$(inherited)",
					"@executable_path/Frameworks",
				);
				MARKETING_VERSION = 1.0;
				PRODUCT_BUNDLE_IDENTIFIER = com.zeemoni.Scrumdinger;
				PRODUCT_NAME = "$(TARGET_NAME)";
				SWIFT_EMIT_LOC_STRINGS = YES;
				SWIFT_VERSION = 5.0;
				TARGETED_DEVICE_FAMILY = "1,2";
			};
			name = Release;
		};
/* End XCBuildConfiguration section */

/* Begin XCConfigurationList section */
		F58EA4AC2732B95D00B2B400 /* Build configuration list for PBXProject "Scrumdinger" */ = {
			isa = XCConfigurationList;
			buildConfigurations = (
				F58EA4BD2732B95F00B2B400 /* Debug */,
				F58EA4BE2732B95F00B2B400 /* Release */,
			);
			defaultConfigurationIsVisible = 0;
			defaultConfigurationName = Release;
		};
		F58EA4BF2732B95F00B2B400 /* Build configuration list for PBXNativeTarget "Scrumdinger" */ = {
			isa = XCConfigurationList;
			buildConfigurations = (
				F58EA4C02732B95F00B2B400 /* Debug */,
				F58EA4C12732B95F00B2B400 /* Release */,
			);
			defaultConfigurationIsVisible = 0;
			defaultConfigurationName = Release;
		};
/* End XCConfigurationList section */
	};
	rootObject = F58EA4A92732B95D00B2B400 /* Project object */;
}
